
Microsoft Visual Studio Solution File, Format Version 12.00
# Visual Studio Version 17
VisualStudioVersion = 17.14.36705.20
MinimumVisualStudioVersion = 10.0.40219.1
Project("{FAE04EC0-301F-11D3-BF4B-00C04F79EFBC}") = "backend", "backend.csproj", "{3053C926-71CE-46B4-B99E-7C5B64765847}"
EndProject
Global
	GlobalSection(SolutionConfigurationPlatforms) = preSolution
		Debug|Any CPU = Debug|Any CPU
		Release|Any CPU = Release|Any CPU
	EndGlobalSection
	GlobalSection(ProjectConfigurationPlatforms) = postSolution
		{3053C926-71CE-46B4-B99E-7C5B64765847}.Debug|Any CPU.ActiveCfg = Debug|Any CPU
		{3053C926-71CE-46B4-B99E-7C5B64765847}.Debug|Any CPU.Build.0 = Debug|Any CPU
		{3053C926-71CE-46B4-B99E-7C5B64765847}.Release|Any CPU.ActiveCfg = Release|Any CPU
		{3053C926-71CE-46B4-B99E-7C5B64765847}.Release|Any CPU.Build.0 = Release|Any CPU
	EndGlobalSection
	GlobalSection(SolutionProperties) = preSolution
		HideSolutionNode = FALSE
	EndGlobalSection
	GlobalSection(ExtensibilityGlobals) = postSolution
		SolutionGuid = {6287F139-F69D-49F1-98DF-0ABFEF132C1F}
	EndGlobalSection
EndGlobal
